
Microsoft Visual Studio Solution File, Format Version 12.00
# Visual Studio Version 17
VisualStudioVersion = 17.10.34928.147
MinimumVisualStudioVersion = 10.0.40219.1
Project("{9A19103F-16F7-4668-BE54-9A1E7A4F7556}") = "16. Introduction to HTTP", "16. Introduction to HTTP\16. Introduction to HTTP.csproj", "{2E5CC501-773F-4562-A022-B782DDFF6154}"
EndProject
Project("{9A19103F-16F7-4668-BE54-9A1E7A4F7556}") = "17. HTTP Response", "17. HTTP Response\17. HTTP Response.csproj", "{BBEF3957-2C53-4AB4-A3F6-5839352F5583}"
EndProject
Project("{9A19103F-16F7-4668-BE54-9A1E7A4F7556}") = "18. HTTP Status Codes", "18. HTTP Status Codes\18. HTTP Status Codes.csproj", "{01037AAC-96F0-44D7-A425-F5BEA394E6C0}"
EndProject
Project("{9A19103F-16F7-4668-BE54-9A1E7A4F7556}") = "19. HTTP Response Headers", "19. HTTP Response Headers\19. HTTP Response Headers.csproj", "{F791DA56-76C9-4FC4-B6ED-688E35522E88}"
EndProject
Project("{9A19103F-16F7-4668-BE54-9A1E7A4F7556}") = "20. HTTP Request", "20. HTTP Request\20. HTTP Request.csproj", "{56C4E1BF-A21D-4EE1-BE1E-311A8D4A8B42}"
EndProject
Project("{9A19103F-16F7-4668-BE54-9A1E7A4F7556}") = "21. Query String", "21. Query String\21. Query String.csproj", "{E15FB262-1A9D-416C-9CFE-D0AADBC3A406}"
EndProject
Project("{9A19103F-16F7-4668-BE54-9A1E7A4F7556}") = "22. HTTP Request Headers", "22. HTTP Request Headers\22. HTTP Request Headers.csproj", "{B7DA24C9-E80E-435F-85D0-84A740634D5B}"
EndProject
Project("{9A19103F-16F7-4668-BE54-9A1E7A4F7556}") = "23. Postman", "23. Postman\23. Postman.csproj", "{AC6B28BC-6453-4C5A-99B6-BEA00E4287A1}"
EndProject
Project("{9A19103F-16F7-4668-BE54-9A1E7A4F7556}") = "24. HTTP Get vs Post - Part 1", "24. HTTP Get vs Post - Part 1\24. HTTP Get vs Post - Part 1.csproj", "{1777392C-9A6E-47CD-838D-8DE6F457189C}"
EndProject
Project("{9A19103F-16F7-4668-BE54-9A1E7A4F7556}") = "25. HTTP Get vs Post - Part 2", "25. HTTP Get vs Post - Part 2\25. HTTP Get vs Post - Part 2.csproj", "{2C7ED13B-52CE-4043-BBDC-8FBAAD1E9147}"
EndProject
Project("{FAE04EC0-301F-11D3-BF4B-00C04F79EFBC}") = "26. Notes", "26. Notes\26. Notes.csproj", "{5E92F9D7-87A6-4A05-B6F5-F290DCE44ABA}"
EndProject
Global
	GlobalSection(SolutionConfigurationPlatforms) = preSolution
		Debug|Any CPU = Debug|Any CPU
		Release|Any CPU = Release|Any CPU
	EndGlobalSection
	GlobalSection(ProjectConfigurationPlatforms) = postSolution
		{2E5CC501-773F-4562-A022-B782DDFF6154}.Debug|Any CPU.ActiveCfg = Debug|Any CPU
		{2E5CC501-773F-4562-A022-B782DDFF6154}.Debug|Any CPU.Build.0 = Debug|Any CPU
		{2E5CC501-773F-4562-A022-B782DDFF6154}.Release|Any CPU.ActiveCfg = Release|Any CPU
		{2E5CC501-773F-4562-A022-B782DDFF6154}.Release|Any CPU.Build.0 = Release|Any CPU
		{BBEF3957-2C53-4AB4-A3F6-5839352F5583}.Debug|Any CPU.ActiveCfg = Debug|Any CPU
		{BBEF3957-2C53-4AB4-A3F6-5839352F5583}.Debug|Any CPU.Build.0 = Debug|Any CPU
		{BBEF3957-2C53-4AB4-A3F6-5839352F5583}.Release|Any CPU.ActiveCfg = Release|Any CPU
		{BBEF3957-2C53-4AB4-A3F6-5839352F5583}.Release|Any CPU.Build.0 = Release|Any CPU
		{01037AAC-96F0-44D7-A425-F5BEA394E6C0}.Debug|Any CPU.ActiveCfg = Debug|Any CPU
		{01037AAC-96F0-44D7-A425-F5BEA394E6C0}.Debug|Any CPU.Build.0 = Debug|Any CPU
		{01037AAC-96F0-44D7-A425-F5BEA394E6C0}.Release|Any CPU.ActiveCfg = Release|Any CPU
		{01037AAC-96F0-44D7-A425-F5BEA394E6C0}.Release|Any CPU.Build.0 = Release|Any CPU
		{F791DA56-76C9-4FC4-B6ED-688E35522E88}.Debug|Any CPU.ActiveCfg = Debug|Any CPU
		{F791DA56-76C9-4FC4-B6ED-688E35522E88}.Debug|Any CPU.Build.0 = Debug|Any CPU
		{F791DA56-76C9-4FC4-B6ED-688E35522E88}.Release|Any CPU.ActiveCfg = Release|Any CPU
		{F791DA56-76C9-4FC4-B6ED-688E35522E88}.Release|Any CPU.Build.0 = Release|Any CPU
		{56C4E1BF-A21D-4EE1-BE1E-311A8D4A8B42}.Debug|Any CPU.ActiveCfg = Debug|Any CPU
		{56C4E1BF-A21D-4EE1-BE1E-311A8D4A8B42}.Debug|Any CPU.Build.0 = Debug|Any CPU
		{56C4E1BF-A21D-4EE1-BE1E-311A8D4A8B42}.Release|Any CPU.ActiveCfg = Release|Any CPU
		{56C4E1BF-A21D-4EE1-BE1E-311A8D4A8B42}.Release|Any CPU.Build.0 = Release|Any CPU
		{E15FB262-1A9D-416C-9CFE-D0AADBC3A406}.Debug|Any CPU.ActiveCfg = Debug|Any CPU
		{E15FB262-1A9D-416C-9CFE-D0AADBC3A406}.Debug|Any CPU.Build.0 = Debug|Any CPU
		{E15FB262-1A9D-416C-9CFE-D0AADBC3A406}.Release|Any CPU.ActiveCfg = Release|Any CPU
		{E15FB262-1A9D-416C-9CFE-D0AADBC3A406}.Release|Any CPU.Build.0 = Release|Any CPU
		{B7DA24C9-E80E-435F-85D0-84A740634D5B}.Debug|Any CPU.ActiveCfg = Debug|Any CPU
		{B7DA24C9-E80E-435F-85D0-84A740634D5B}.Debug|Any CPU.Build.0 = Debug|Any CPU
		{B7DA24C9-E80E-435F-85D0-84A740634D5B}.Release|Any CPU.ActiveCfg = Release|Any CPU
		{B7DA24C9-E80E-435F-85D0-84A740634D5B}.Release|Any CPU.Build.0 = Release|Any CPU
		{AC6B28BC-6453-4C5A-99B6-BEA00E4287A1}.Debug|Any CPU.ActiveCfg = Debug|Any CPU
		{AC6B28BC-6453-4C5A-99B6-BEA00E4287A1}.Debug|Any CPU.Build.0 = Debug|Any CPU
		{AC6B28BC-6453-4C5A-99B6-BEA00E4287A1}.Release|Any CPU.ActiveCfg = Release|Any CPU
		{AC6B28BC-6453-4C5A-99B6-BEA00E4287A1}.Release|Any CPU.Build.0 = Release|Any CPU
		{1777392C-9A6E-47CD-838D-8DE6F457189C}.Debug|Any CPU.ActiveCfg = Debug|Any CPU
		{1777392C-9A6E-47CD-838D-8DE6F457189C}.Debug|Any CPU.Build.0 = Debug|Any CPU
		{1777392C-9A6E-47CD-838D-8DE6F457189C}.Release|Any CPU.ActiveCfg = Release|Any CPU
		{1777392C-9A6E-47CD-838D-8DE6F457189C}.Release|Any CPU.Build.0 = Release|Any CPU
		{2C7ED13B-52CE-4043-BBDC-8FBAAD1E9147}.Debug|Any CPU.ActiveCfg = Debug|Any CPU
		{2C7ED13B-52CE-4043-BBDC-8FBAAD1E9147}.Debug|Any CPU.Build.0 = Debug|Any CPU
		{2C7ED13B-52CE-4043-BBDC-8FBAAD1E9147}.Release|Any CPU.ActiveCfg = Release|Any CPU
		{2C7ED13B-52CE-4043-BBDC-8FBAAD1E9147}.Release|Any CPU.Build.0 = Release|Any CPU
		{5E92F9D7-87A6-4A05-B6F5-F290DCE44ABA}.Debug|Any CPU.ActiveCfg = Debug|Any CPU
		{5E92F9D7-87A6-4A05-B6F5-F290DCE44ABA}.Debug|Any CPU.Build.0 = Debug|Any CPU
		{5E92F9D7-87A6-4A05-B6F5-F290DCE44ABA}.Release|Any CPU.ActiveCfg = Release|Any CPU
		{5E92F9D7-87A6-4A05-B6F5-F290DCE44ABA}.Release|Any CPU.Build.0 = Release|Any CPU
	EndGlobalSection
	GlobalSection(SolutionProperties) = preSolution
		HideSolutionNode = FALSE
	EndGlobalSection
	GlobalSection(ExtensibilityGlobals) = postSolution
		SolutionGuid = {77DD4501-3B1A-427B-9522-25F8DCC23207}
	EndGlobalSection
EndGlobal
